
Microsoft Visual Studio Solution File, Format Version 12.00
# Visual Studio Version 17
VisualStudioVersion = 17.9.34607.119
MinimumVisualStudioVersion = 10.0.40219.1
Project("{9A19103F-16F7-4668-BE54-9A1E7A4F7556}") = "WebPagesLoginLab1", "WebPagesLoginLab1\WebPagesLoginLab1.csproj", "{90D2B20D-673C-4226-8DB5-9B793D5958F8}"
EndProject
Project("{2150E333-8FDC-42A3-9474-1A3956D46DE8}") = "Application", "Application", "{6FD75076-49D5-46F1-B2B9-D5FA4E6A4FDD}"
EndProject
Project("{2150E333-8FDC-42A3-9474-1A3956D46DE8}") = "Domain", "Domain", "{369C7C9E-5DD0-4FBB-B184-A3BCEFF3412D}"
EndProject
Project("{9A19103F-16F7-4668-BE54-9A1E7A4F7556}") = "SalesCar.Application", "SalesCar.Application\SalesCar.Application.csproj", "{0B42393B-FD2B-46FB-804C-62FF5EEBF5CC}"
EndProject
Project("{2150E333-8FDC-42A3-9474-1A3956D46DE8}") = "NuGet.Packages", "NuGet.Packages", "{EF4B2694-43CD-4C68-B072-76F5417F6D4B}"
EndProject
Project("{9A19103F-16F7-4668-BE54-9A1E7A4F7556}") = "EasyArchitect.Infrastructure.Cache", "EasyArchitect.Infrastructure.Cache\EasyArchitect.Infrastructure.Cache.csproj", "{A50F4303-213A-4AA7-B676-BB08B8B87F60}"
EndProject
Project("{9A19103F-16F7-4668-BE54-9A1E7A4F7556}") = "EasyArchitect.PageModel.AuthExtensions", "EasyArchitect.PageModel.AuthExtensions\EasyArchitect.PageModel.AuthExtensions.csproj", "{7B23A5AC-1212-4AD2-B36E-0F8272787BE6}"
EndProject
Global
	GlobalSection(SolutionConfigurationPlatforms) = preSolution
		Debug|Any CPU = Debug|Any CPU
		Release|Any CPU = Release|Any CPU
	EndGlobalSection
	GlobalSection(ProjectConfigurationPlatforms) = postSolution
		{90D2B20D-673C-4226-8DB5-9B793D5958F8}.Debug|Any CPU.ActiveCfg = Debug|Any CPU
		{90D2B20D-673C-4226-8DB5-9B793D5958F8}.Debug|Any CPU.Build.0 = Debug|Any CPU
		{90D2B20D-673C-4226-8DB5-9B793D5958F8}.Release|Any CPU.ActiveCfg = Release|Any CPU
		{90D2B20D-673C-4226-8DB5-9B793D5958F8}.Release|Any CPU.Build.0 = Release|Any CPU
		{0B42393B-FD2B-46FB-804C-62FF5EEBF5CC}.Debug|Any CPU.ActiveCfg = Debug|Any CPU
		{0B42393B-FD2B-46FB-804C-62FF5EEBF5CC}.Debug|Any CPU.Build.0 = Debug|Any CPU
		{0B42393B-FD2B-46FB-804C-62FF5EEBF5CC}.Release|Any CPU.ActiveCfg = Release|Any CPU
		{0B42393B-FD2B-46FB-804C-62FF5EEBF5CC}.Release|Any CPU.Build.0 = Release|Any CPU
		{A50F4303-213A-4AA7-B676-BB08B8B87F60}.Debug|Any CPU.ActiveCfg = Debug|Any CPU
		{A50F4303-213A-4AA7-B676-BB08B8B87F60}.Debug|Any CPU.Build.0 = Debug|Any CPU
		{A50F4303-213A-4AA7-B676-BB08B8B87F60}.Release|Any CPU.ActiveCfg = Release|Any CPU
		{A50F4303-213A-4AA7-B676-BB08B8B87F60}.Release|Any CPU.Build.0 = Release|Any CPU
		{7B23A5AC-1212-4AD2-B36E-0F8272787BE6}.Debug|Any CPU.ActiveCfg = Debug|Any CPU
		{7B23A5AC-1212-4AD2-B36E-0F8272787BE6}.Debug|Any CPU.Build.0 = Debug|Any CPU
		{7B23A5AC-1212-4AD2-B36E-0F8272787BE6}.Release|Any CPU.ActiveCfg = Release|Any CPU
		{7B23A5AC-1212-4AD2-B36E-0F8272787BE6}.Release|Any CPU.Build.0 = Release|Any CPU
	EndGlobalSection
	GlobalSection(SolutionProperties) = preSolution
		HideSolutionNode = FALSE
	EndGlobalSection
	GlobalSection(NestedProjects) = preSolution
		{0B42393B-FD2B-46FB-804C-62FF5EEBF5CC} = {6FD75076-49D5-46F1-B2B9-D5FA4E6A4FDD}
		{A50F4303-213A-4AA7-B676-BB08B8B87F60} = {EF4B2694-43CD-4C68-B072-76F5417F6D4B}
		{7B23A5AC-1212-4AD2-B36E-0F8272787BE6} = {EF4B2694-43CD-4C68-B072-76F5417F6D4B}
	EndGlobalSection
	GlobalSection(ExtensibilityGlobals) = postSolution
		SolutionGuid = {C260F7EF-A048-417B-9656-CD853F020108}
	EndGlobalSection
EndGlobal
